
Microsoft Visual Studio Solution File, Format Version 12.00
# Visual Studio 15
VisualStudioVersion = 15.0.27130.2036
MinimumVisualStudioVersion = 10.0.40219.1
Project("{FAE04EC0-301F-11D3-BF4B-00C04F79EFBC}") = "HospitalApp.Android", "HospitalApp\HospitalApp.Android\HospitalApp.Android.csproj", "{135B1F4D-13C7-44EF-A460-531EB6E88F9A}"
EndProject
Project("{FAE04EC0-301F-11D3-BF4B-00C04F79EFBC}") = "HospitalApp.iOS", "HospitalApp\HospitalApp.iOS\HospitalApp.iOS.csproj", "{F914AE29-E09F-459F-92C3-02F356DB6621}"
EndProject
Project("{9A19103F-16F7-4668-BE54-9A1E7A4F7556}") = "HospitalApp", "HospitalApp\HospitalApp\HospitalApp.csproj", "{7EEA994C-FA36-4F1B-AA02-BBD995992B86}"
EndProject
Project("{FAE04EC0-301F-11D3-BF4B-00C04F79EFBC}") = "Backoffice", "Backoffice\Backoffice.csproj", "{BB60D278-48A7-43C9-AF72-C158442D709A}"
EndProject
Project("{FAE04EC0-301F-11D3-BF4B-00C04F79EFBC}") = "Api", "Api\Api.csproj", "{954E8C01-ED7A-4D3A-BF20-152B35959B77}"
EndProject
Project("{FAE04EC0-301F-11D3-BF4B-00C04F79EFBC}") = "BD", "BD\BD.csproj", "{D2C44DDB-A69B-4B95-89B6-CC4397582864}"
EndProject
Project("{FAE04EC0-301F-11D3-BF4B-00C04F79EFBC}") = "Model", "Model\Model.csproj", "{D7EB79EF-1E85-4048-A323-C0F735F09C8E}"
EndProject
Global
	GlobalSection(SolutionConfigurationPlatforms) = preSolution
		Ad-Hoc|Any CPU = Ad-Hoc|Any CPU
		Ad-Hoc|iPhone = Ad-Hoc|iPhone
		Ad-Hoc|iPhoneSimulator = Ad-Hoc|iPhoneSimulator
		AppStore|Any CPU = AppStore|Any CPU
		AppStore|iPhone = AppStore|iPhone
		AppStore|iPhoneSimulator = AppStore|iPhoneSimulator
		Debug|Any CPU = Debug|Any CPU
		Debug|iPhone = Debug|iPhone
		Debug|iPhoneSimulator = Debug|iPhoneSimulator
		Release|Any CPU = Release|Any CPU
		Release|iPhone = Release|iPhone
		Release|iPhoneSimulator = Release|iPhoneSimulator
	EndGlobalSection
	GlobalSection(ProjectConfigurationPlatforms) = postSolution
		{135B1F4D-13C7-44EF-A460-531EB6E88F9A}.Ad-Hoc|Any CPU.ActiveCfg = Release|Any CPU
		{135B1F4D-13C7-44EF-A460-531EB6E88F9A}.Ad-Hoc|Any CPU.Build.0 = Release|Any CPU
		{135B1F4D-13C7-44EF-A460-531EB6E88F9A}.Ad-Hoc|Any CPU.Deploy.0 = Release|Any CPU
		{135B1F4D-13C7-44EF-A460-531EB6E88F9A}.Ad-Hoc|iPhone.ActiveCfg = Release|Any CPU
		{135B1F4D-13C7-44EF-A460-531EB6E88F9A}.Ad-Hoc|iPhone.Build.0 = Release|Any CPU
		{135B1F4D-13C7-44EF-A460-531EB6E88F9A}.Ad-Hoc|iPhone.Deploy.0 = Release|Any CPU
		{135B1F4D-13C7-44EF-A460-531EB6E88F9A}.Ad-Hoc|iPhoneSimulator.ActiveCfg = Release|Any CPU
		{135B1F4D-13C7-44EF-A460-531EB6E88F9A}.Ad-Hoc|iPhoneSimulator.Build.0 = Release|Any CPU
		{135B1F4D-13C7-44EF-A460-531EB6E88F9A}.Ad-Hoc|iPhoneSimulator.Deploy.0 = Release|Any CPU
		{135B1F4D-13C7-44EF-A460-531EB6E88F9A}.AppStore|Any CPU.ActiveCfg = Release|Any CPU
		{135B1F4D-13C7-44EF-A460-531EB6E88F9A}.AppStore|Any CPU.Build.0 = Release|Any CPU
		{135B1F4D-13C7-44EF-A460-531EB6E88F9A}.AppStore|Any CPU.Deploy.0 = Release|Any CPU
		{135B1F4D-13C7-44EF-A460-531EB6E88F9A}.AppStore|iPhone.ActiveCfg = Release|Any CPU
		{135B1F4D-13C7-44EF-A460-531EB6E88F9A}.AppStore|iPhone.Build.0 = Release|Any CPU
		{135B1F4D-13C7-44EF-A460-531EB6E88F9A}.AppStore|iPhone.Deploy.0 = Release|Any CPU
		{135B1F4D-13C7-44EF-A460-531EB6E88F9A}.AppStore|iPhoneSimulator.ActiveCfg = Release|Any CPU
		{135B1F4D-13C7-44EF-A460-531EB6E88F9A}.AppStore|iPhoneSimulator.Build.0 = Release|Any CPU
		{135B1F4D-13C7-44EF-A460-531EB6E88F9A}.AppStore|iPhoneSimulator.Deploy.0 = Release|Any CPU
		{135B1F4D-13C7-44EF-A460-531EB6E88F9A}.Debug|Any CPU.ActiveCfg = Debug|Any CPU
		{135B1F4D-13C7-44EF-A460-531EB6E88F9A}.Debug|Any CPU.Build.0 = Debug|Any CPU
		{135B1F4D-13C7-44EF-A460-531EB6E88F9A}.Debug|Any CPU.Deploy.0 = Debug|Any CPU
		{135B1F4D-13C7-44EF-A460-531EB6E88F9A}.Debug|iPhone.ActiveCfg = Debug|Any CPU
		{135B1F4D-13C7-44EF-A460-531EB6E88F9A}.Debug|iPhone.Build.0 = Debug|Any CPU
		{135B1F4D-13C7-44EF-A460-531EB6E88F9A}.Debug|iPhone.Deploy.0 = Debug|Any CPU
		{135B1F4D-13C7-44EF-A460-531EB6E88F9A}.Debug|iPhoneSimulator.ActiveCfg = Debug|Any CPU
		{135B1F4D-13C7-44EF-A460-531EB6E88F9A}.Debug|iPhoneSimulator.Build.0 = Debug|Any CPU
		{135B1F4D-13C7-44EF-A460-531EB6E88F9A}.Debug|iPhoneSimulator.Deploy.0 = Debug|Any CPU
		{135B1F4D-13C7-44EF-A460-531EB6E88F9A}.Release|Any CPU.ActiveCfg = Release|Any CPU
		{135B1F4D-13C7-44EF-A460-531EB6E88F9A}.Release|Any CPU.Build.0 = Release|Any CPU
		{135B1F4D-13C7-44EF-A460-531EB6E88F9A}.Release|Any CPU.Deploy.0 = Release|Any CPU
		{135B1F4D-13C7-44EF-A460-531EB6E88F9A}.Release|iPhone.ActiveCfg = Release|Any CPU
		{135B1F4D-13C7-44EF-A460-531EB6E88F9A}.Release|iPhone.Build.0 = Release|Any CPU
		{135B1F4D-13C7-44EF-A460-531EB6E88F9A}.Release|iPhone.Deploy.0 = Release|Any CPU
		{135B1F4D-13C7-44EF-A460-531EB6E88F9A}.Release|iPhoneSimulator.ActiveCfg = Release|Any CPU
		{135B1F4D-13C7-44EF-A460-531EB6E88F9A}.Release|iPhoneSimulator.Build.0 = Release|Any CPU
		{135B1F4D-13C7-44EF-A460-531EB6E88F9A}.Release|iPhoneSimulator.Deploy.0 = Release|Any CPU
		{F914AE29-E09F-459F-92C3-02F356DB6621}.Ad-Hoc|Any CPU.ActiveCfg = Ad-Hoc|iPhone
		{F914AE29-E09F-459F-92C3-02F356DB6621}.Ad-Hoc|iPhone.ActiveCfg = Ad-Hoc|iPhone
		{F914AE29-E09F-459F-92C3-02F356DB6621}.Ad-Hoc|iPhone.Build.0 = Ad-Hoc|iPhone
		{F914AE29-E09F-459F-92C3-02F356DB6621}.Ad-Hoc|iPhoneSimulator.ActiveCfg = Ad-Hoc|iPhoneSimulator
		{F914AE29-E09F-459F-92C3-02F356DB6621}.Ad-Hoc|iPhoneSimulator.Build.0 = Ad-Hoc|iPhoneSimulator
		{F914AE29-E09F-459F-92C3-02F356DB6621}.AppStore|Any CPU.ActiveCfg = AppStore|iPhone
		{F914AE29-E09F-459F-92C3-02F356DB6621}.AppStore|iPhone.ActiveCfg = AppStore|iPhone
		{F914AE29-E09F-459F-92C3-02F356DB6621}.AppStore|iPhone.Build.0 = AppStore|iPhone
		{F914AE29-E09F-459F-92C3-02F356DB6621}.AppStore|iPhoneSimulator.ActiveCfg = AppStore|iPhoneSimulator
		{F914AE29-E09F-459F-92C3-02F356DB6621}.AppStore|iPhoneSimulator.Build.0 = AppStore|iPhoneSimulator
		{F914AE29-E09F-459F-92C3-02F356DB6621}.Debug|Any CPU.ActiveCfg = Debug|iPhone
		{F914AE29-E09F-459F-92C3-02F356DB6621}.Debug|iPhone.ActiveCfg = Debug|iPhone
		{F914AE29-E09F-459F-92C3-02F356DB6621}.Debug|iPhone.Build.0 = Debug|iPhone
		{F914AE29-E09F-459F-92C3-02F356DB6621}.Debug|iPhoneSimulator.ActiveCfg = Debug|iPhoneSimulator
		{F914AE29-E09F-459F-92C3-02F356DB6621}.Debug|iPhoneSimulator.Build.0 = Debug|iPhoneSimulator
		{F914AE29-E09F-459F-92C3-02F356DB6621}.Release|Any CPU.ActiveCfg = Release|iPhone
		{F914AE29-E09F-459F-92C3-02F356DB6621}.Release|iPhone.ActiveCfg = Release|iPhone
		{F914AE29-E09F-459F-92C3-02F356DB6621}.Release|iPhone.Build.0 = Release|iPhone
		{F914AE29-E09F-459F-92C3-02F356DB6621}.Release|iPhoneSimulator.ActiveCfg = Release|iPhoneSimulator
		{F914AE29-E09F-459F-92C3-02F356DB6621}.Release|iPhoneSimulator.Build.0 = Release|iPhoneSimulator
		{7EEA994C-FA36-4F1B-AA02-BBD995992B86}.Ad-Hoc|Any CPU.ActiveCfg = Debug|Any CPU
		{7EEA994C-FA36-4F1B-AA02-BBD995992B86}.Ad-Hoc|Any CPU.Build.0 = Debug|Any CPU
		{7EEA994C-FA36-4F1B-AA02-BBD995992B86}.Ad-Hoc|iPhone.ActiveCfg = Debug|Any CPU
		{7EEA994C-FA36-4F1B-AA02-BBD995992B86}.Ad-Hoc|iPhone.Build.0 = Debug|Any CPU
		{7EEA994C-FA36-4F1B-AA02-BBD995992B86}.Ad-Hoc|iPhoneSimulator.ActiveCfg = Debug|Any CPU
		{7EEA994C-FA36-4F1B-AA02-BBD995992B86}.Ad-Hoc|iPhoneSimulator.Build.0 = Debug|Any CPU
		{7EEA994C-FA36-4F1B-AA02-BBD995992B86}.AppStore|Any CPU.ActiveCfg = Debug|Any CPU
		{7EEA994C-FA36-4F1B-AA02-BBD995992B86}.AppStore|Any CPU.Build.0 = Debug|Any CPU
		{7EEA994C-FA36-4F1B-AA02-BBD995992B86}.AppStore|iPhone.ActiveCfg = Debug|Any CPU
		{7EEA994C-FA36-4F1B-AA02-BBD995992B86}.AppStore|iPhone.Build.0 = Debug|Any CPU
		{7EEA994C-FA36-4F1B-AA02-BBD995992B86}.AppStore|iPhoneSimulator.ActiveCfg = Debug|Any CPU
		{7EEA994C-FA36-4F1B-AA02-BBD995992B86}.AppStore|iPhoneSimulator.Build.0 = Debug|Any CPU
		{7EEA994C-FA36-4F1B-AA02-BBD995992B86}.Debug|Any CPU.ActiveCfg = Debug|Any CPU
		{7EEA994C-FA36-4F1B-AA02-BBD995992B86}.Debug|Any CPU.Build.0 = Debug|Any CPU
		{7EEA994C-FA36-4F1B-AA02-BBD995992B86}.Debug|iPhone.ActiveCfg = Debug|Any CPU
		{7EEA994C-FA36-4F1B-AA02-BBD995992B86}.Debug|iPhone.Build.0 = Debug|Any CPU
		{7EEA994C-FA36-4F1B-AA02-BBD995992B86}.Debug|iPhoneSimulator.ActiveCfg = Debug|Any CPU
		{7EEA994C-FA36-4F1B-AA02-BBD995992B86}.Debug|iPhoneSimulator.Build.0 = Debug|Any CPU
		{7EEA994C-FA36-4F1B-AA02-BBD995992B86}.Release|Any CPU.ActiveCfg = Release|Any CPU
		{7EEA994C-FA36-4F1B-AA02-BBD995992B86}.Release|Any CPU.Build.0 = Release|Any CPU
		{7EEA994C-FA36-4F1B-AA02-BBD995992B86}.Release|iPhone.ActiveCfg = Release|Any CPU
		{7EEA994C-FA36-4F1B-AA02-BBD995992B86}.Release|iPhone.Build.0 = Release|Any CPU
		{7EEA994C-FA36-4F1B-AA02-BBD995992B86}.Release|iPhoneSimulator.ActiveCfg = Release|Any CPU
		{7EEA994C-FA36-4F1B-AA02-BBD995992B86}.Release|iPhoneSimulator.Build.0 = Release|Any CPU
		{BB60D278-48A7-43C9-AF72-C158442D709A}.Ad-Hoc|Any CPU.ActiveCfg = Release|Any CPU
		{BB60D278-48A7-43C9-AF72-C158442D709A}.Ad-Hoc|Any CPU.Build.0 = Release|Any CPU
		{BB60D278-48A7-43C9-AF72-C158442D709A}.Ad-Hoc|iPhone.ActiveCfg = Release|Any CPU
		{BB60D278-48A7-43C9-AF72-C158442D709A}.Ad-Hoc|iPhone.Build.0 = Release|Any CPU
		{BB60D278-48A7-43C9-AF72-C158442D709A}.Ad-Hoc|iPhoneSimulator.ActiveCfg = Release|Any CPU
		{BB60D278-48A7-43C9-AF72-C158442D709A}.Ad-Hoc|iPhoneSimulator.Build.0 = Release|Any CPU
		{BB60D278-48A7-43C9-AF72-C158442D709A}.AppStore|Any CPU.ActiveCfg = Release|Any CPU
		{BB60D278-48A7-43C9-AF72-C158442D709A}.AppStore|Any CPU.Build.0 = Release|Any CPU
		{BB60D278-48A7-43C9-AF72-C158442D709A}.AppStore|iPhone.ActiveCfg = Release|Any CPU
		{BB60D278-48A7-43C9-AF72-C158442D709A}.AppStore|iPhone.Build.0 = Release|Any CPU
		{BB60D278-48A7-43C9-AF72-C158442D709A}.AppStore|iPhoneSimulator.ActiveCfg = Release|Any CPU
		{BB60D278-48A7-43C9-AF72-C158442D709A}.AppStore|iPhoneSimulator.Build.0 = Release|Any CPU
		{BB60D278-48A7-43C9-AF72-C158442D709A}.Debug|Any CPU.ActiveCfg = Debug|Any CPU
		{BB60D278-48A7-43C9-AF72-C158442D709A}.Debug|Any CPU.Build.0 = Debug|Any CPU
		{BB60D278-48A7-43C9-AF72-C158442D709A}.Debug|iPhone.ActiveCfg = Debug|Any CPU
		{BB60D278-48A7-43C9-AF72-C158442D709A}.Debug|iPhone.Build.0 = Debug|Any CPU
		{BB60D278-48A7-43C9-AF72-C158442D709A}.Debug|iPhoneSimulator.ActiveCfg = Debug|Any CPU
		{BB60D278-48A7-43C9-AF72-C158442D709A}.Debug|iPhoneSimulator.Build.0 = Debug|Any CPU
		{BB60D278-48A7-43C9-AF72-C158442D709A}.Release|Any CPU.ActiveCfg = Release|Any CPU
		{BB60D278-48A7-43C9-AF72-C158442D709A}.Release|Any CPU.Build.0 = Release|Any CPU
		{BB60D278-48A7-43C9-AF72-C158442D709A}.Release|iPhone.ActiveCfg = Release|Any CPU
		{BB60D278-48A7-43C9-AF72-C158442D709A}.Release|iPhone.Build.0 = Release|Any CPU
		{BB60D278-48A7-43C9-AF72-C158442D709A}.Release|iPhoneSimulator.ActiveCfg = Release|Any CPU
		{BB60D278-48A7-43C9-AF72-C158442D709A}.Release|iPhoneSimulator.Build.0 = Release|Any CPU
		{954E8C01-ED7A-4D3A-BF20-152B35959B77}.Ad-Hoc|Any CPU.ActiveCfg = Release|Any CPU
		{954E8C01-ED7A-4D3A-BF20-152B35959B77}.Ad-Hoc|Any CPU.Build.0 = Release|Any CPU
		{954E8C01-ED7A-4D3A-BF20-152B35959B77}.Ad-Hoc|iPhone.ActiveCfg = Release|Any CPU
		{954E8C01-ED7A-4D3A-BF20-152B35959B77}.Ad-Hoc|iPhone.Build.0 = Release|Any CPU
		{954E8C01-ED7A-4D3A-BF20-152B35959B77}.Ad-Hoc|iPhoneSimulator.ActiveCfg = Release|Any CPU
		{954E8C01-ED7A-4D3A-BF20-152B35959B77}.Ad-Hoc|iPhoneSimulator.Build.0 = Release|Any CPU
		{954E8C01-ED7A-4D3A-BF20-152B35959B77}.AppStore|Any CPU.ActiveCfg = Release|Any CPU
		{954E8C01-ED7A-4D3A-BF20-152B35959B77}.AppStore|Any CPU.Build.0 = Release|Any CPU
		{954E8C01-ED7A-4D3A-BF20-152B35959B77}.AppStore|iPhone.ActiveCfg = Release|Any CPU
		{954E8C01-ED7A-4D3A-BF20-152B35959B77}.AppStore|iPhone.Build.0 = Release|Any CPU
		{954E8C01-ED7A-4D3A-BF20-152B35959B77}.AppStore|iPhoneSimulator.ActiveCfg = Release|Any CPU
		{954E8C01-ED7A-4D3A-BF20-152B35959B77}.AppStore|iPhoneSimulator.Build.0 = Release|Any CPU
		{954E8C01-ED7A-4D3A-BF20-152B35959B77}.Debug|Any CPU.ActiveCfg = Debug|Any CPU
		{954E8C01-ED7A-4D3A-BF20-152B35959B77}.Debug|Any CPU.Build.0 = Debug|Any CPU
		{954E8C01-ED7A-4D3A-BF20-152B35959B77}.Debug|iPhone.ActiveCfg = Debug|Any CPU
		{954E8C01-ED7A-4D3A-BF20-152B35959B77}.Debug|iPhone.Build.0 = Debug|Any CPU
		{954E8C01-ED7A-4D3A-BF20-152B35959B77}.Debug|iPhoneSimulator.ActiveCfg = Debug|Any CPU
		{954E8C01-ED7A-4D3A-BF20-152B35959B77}.Debug|iPhoneSimulator.Build.0 = Debug|Any CPU
		{954E8C01-ED7A-4D3A-BF20-152B35959B77}.Release|Any CPU.ActiveCfg = Release|Any CPU
		{954E8C01-ED7A-4D3A-BF20-152B35959B77}.Release|Any CPU.Build.0 = Release|Any CPU
		{954E8C01-ED7A-4D3A-BF20-152B35959B77}.Release|iPhone.ActiveCfg = Release|Any CPU
		{954E8C01-ED7A-4D3A-BF20-152B35959B77}.Release|iPhone.Build.0 = Release|Any CPU
		{954E8C01-ED7A-4D3A-BF20-152B35959B77}.Release|iPhoneSimulator.ActiveCfg = Release|Any CPU
		{954E8C01-ED7A-4D3A-BF20-152B35959B77}.Release|iPhoneSimulator.Build.0 = Release|Any CPU
		{D2C44DDB-A69B-4B95-89B6-CC4397582864}.Ad-Hoc|Any CPU.ActiveCfg = Release|Any CPU
		{D2C44DDB-A69B-4B95-89B6-CC4397582864}.Ad-Hoc|Any CPU.Build.0 = Release|Any CPU
		{D2C44DDB-A69B-4B95-89B6-CC4397582864}.Ad-Hoc|iPhone.ActiveCfg = Release|Any CPU
		{D2C44DDB-A69B-4B95-89B6-CC4397582864}.Ad-Hoc|iPhone.Build.0 = Release|Any CPU
		{D2C44DDB-A69B-4B95-89B6-CC4397582864}.Ad-Hoc|iPhoneSimulator.ActiveCfg = Release|Any CPU
		{D2C44DDB-A69B-4B95-89B6-CC4397582864}.Ad-Hoc|iPhoneSimulator.Build.0 = Release|Any CPU
		{D2C44DDB-A69B-4B95-89B6-CC4397582864}.AppStore|Any CPU.ActiveCfg = Release|Any CPU
		{D2C44DDB-A69B-4B95-89B6-CC4397582864}.AppStore|Any CPU.Build.0 = Release|Any CPU
		{D2C44DDB-A69B-4B95-89B6-CC4397582864}.AppStore|iPhone.ActiveCfg = Release|Any CPU
		{D2C44DDB-A69B-4B95-89B6-CC4397582864}.AppStore|iPhone.Build.0 = Release|Any CPU
		{D2C44DDB-A69B-4B95-89B6-CC4397582864}.AppStore|iPhoneSimulator.ActiveCfg = Release|Any CPU
		{D2C44DDB-A69B-4B95-89B6-CC4397582864}.AppStore|iPhoneSimulator.Build.0 = Release|Any CPU
		{D2C44DDB-A69B-4B95-89B6-CC4397582864}.Debug|Any CPU.ActiveCfg = Debug|Any CPU
		{D2C44DDB-A69B-4B95-89B6-CC4397582864}.Debug|Any CPU.Build.0 = Debug|Any CPU
		{D2C44DDB-A69B-4B95-89B6-CC4397582864}.Debug|iPhone.ActiveCfg = Debug|Any CPU
		{D2C44DDB-A69B-4B95-89B6-CC4397582864}.Debug|iPhone.Build.0 = Debug|Any CPU
		{D2C44DDB-A69B-4B95-89B6-CC4397582864}.Debug|iPhoneSimulator.ActiveCfg = Debug|Any CPU
		{D2C44DDB-A69B-4B95-89B6-CC4397582864}.Debug|iPhoneSimulator.Build.0 = Debug|Any CPU
		{D2C44DDB-A69B-4B95-89B6-CC4397582864}.Release|Any CPU.ActiveCfg = Release|Any CPU
		{D2C44DDB-A69B-4B95-89B6-CC4397582864}.Release|Any CPU.Build.0 = Release|Any CPU
		{D2C44DDB-A69B-4B95-89B6-CC4397582864}.Release|iPhone.ActiveCfg = Release|Any CPU
		{D2C44DDB-A69B-4B95-89B6-CC4397582864}.Release|iPhone.Build.0 = Release|Any CPU
		{D2C44DDB-A69B-4B95-89B6-CC4397582864}.Release|iPhoneSimulator.ActiveCfg = Release|Any CPU
		{D2C44DDB-A69B-4B95-89B6-CC4397582864}.Release|iPhoneSimulator.Build.0 = Release|Any CPU
		{D7EB79EF-1E85-4048-A323-C0F735F09C8E}.Ad-Hoc|Any CPU.ActiveCfg = Release|Any CPU
		{D7EB79EF-1E85-4048-A323-C0F735F09C8E}.Ad-Hoc|Any CPU.Build.0 = Release|Any CPU
		{D7EB79EF-1E85-4048-A323-C0F735F09C8E}.Ad-Hoc|iPhone.ActiveCfg = Release|Any CPU
		{D7EB79EF-1E85-4048-A323-C0F735F09C8E}.Ad-Hoc|iPhone.Build.0 = Release|Any CPU
		{D7EB79EF-1E85-4048-A323-C0F735F09C8E}.Ad-Hoc|iPhoneSimulator.ActiveCfg = Release|Any CPU
		{D7EB79EF-1E85-4048-A323-C0F735F09C8E}.Ad-Hoc|iPhoneSimulator.Build.0 = Release|Any CPU
		{D7EB79EF-1E85-4048-A323-C0F735F09C8E}.AppStore|Any CPU.ActiveCfg = Release|Any CPU
		{D7EB79EF-1E85-4048-A323-C0F735F09C8E}.AppStore|Any CPU.Build.0 = Release|Any CPU
		{D7EB79EF-1E85-4048-A323-C0F735F09C8E}.AppStore|iPhone.ActiveCfg = Release|Any CPU
		{D7EB79EF-1E85-4048-A323-C0F735F09C8E}.AppStore|iPhone.Build.0 = Release|Any CPU
		{D7EB79EF-1E85-4048-A323-C0F735F09C8E}.AppStore|iPhoneSimulator.ActiveCfg = Release|Any CPU
		{D7EB79EF-1E85-4048-A323-C0F735F09C8E}.AppStore|iPhoneSimulator.Build.0 = Release|Any CPU
		{D7EB79EF-1E85-4048-A323-C0F735F09C8E}.Debug|Any CPU.ActiveCfg = Debug|Any CPU
		{D7EB79EF-1E85-4048-A323-C0F735F09C8E}.Debug|Any CPU.Build.0 = Debug|Any CPU
		{D7EB79EF-1E85-4048-A323-C0F735F09C8E}.Debug|iPhone.ActiveCfg = Debug|Any CPU
		{D7EB79EF-1E85-4048-A323-C0F735F09C8E}.Debug|iPhone.Build.0 = Debug|Any CPU
		{D7EB79EF-1E85-4048-A323-C0F735F09C8E}.Debug|iPhoneSimulator.ActiveCfg = Debug|Any CPU
		{D7EB79EF-1E85-4048-A323-C0F735F09C8E}.Debug|iPhoneSimulator.Build.0 = Debug|Any CPU
		{D7EB79EF-1E85-4048-A323-C0F735F09C8E}.Release|Any CPU.ActiveCfg = Release|Any CPU
		{D7EB79EF-1E85-4048-A323-C0F735F09C8E}.Release|Any CPU.Build.0 = Release|Any CPU
		{D7EB79EF-1E85-4048-A323-C0F735F09C8E}.Release|iPhone.ActiveCfg = Release|Any CPU
		{D7EB79EF-1E85-4048-A323-C0F735F09C8E}.Release|iPhone.Build.0 = Release|Any CPU
		{D7EB79EF-1E85-4048-A323-C0F735F09C8E}.Release|iPhoneSimulator.ActiveCfg = Release|Any CPU
		{D7EB79EF-1E85-4048-A323-C0F735F09C8E}.Release|iPhoneSimulator.Build.0 = Release|Any CPU
	EndGlobalSection
	GlobalSection(SolutionProperties) = preSolution
		HideSolutionNode = FALSE
	EndGlobalSection
	GlobalSection(ExtensibilityGlobals) = postSolution
		SolutionGuid = {4204BAEB-09BE-4F85-A4C6-792D13C433C1}
	EndGlobalSection
EndGlobal
